<Solution>
  <Folder Name="/src/">
    <Project Path="src/Application/Application.csproj" />
    <Project Path="src/Core-Api/Core-Api.csproj" />
    <Project Path="src/Domain/Domain.csproj" />
  </Folder>
  <Folder Name="/src/Infrastructure/">
    <Project Path="src/Infrastructure/Core-Infrastructure.csproj" />
  </Folder>
  <Project Path="ApiAggregator.Test/ApiAggregator.Test.csproj" />
</Solution>
